
Microsoft Visual Studio Solution File, Format Version 12.00
# Visual Studio Version 17
VisualStudioVersion = 17.6.33829.357
MinimumVisualStudioVersion = 10.0.40219.1
Project("{FAE04EC0-301F-11D3-BF4B-00C04F79EFBC}") = "Delegates", "Delegates\Delegates.csproj", "{DF0C6305-F7F0-4CD6-9E11-A75BA89E2FB1}"
EndProject
Global
	GlobalSection(SolutionConfigurationPlatforms) = preSolution
		Debug|Any CPU = Debug|Any CPU
		Release|Any CPU = Release|Any CPU
	EndGlobalSection
	GlobalSection(ProjectConfigurationPlatforms) = postSolution
		{DF0C6305-F7F0-4CD6-9E11-A75BA89E2FB1}.Debug|Any CPU.ActiveCfg = Debug|Any CPU
		{DF0C6305-F7F0-4CD6-9E11-A75BA89E2FB1}.Debug|Any CPU.Build.0 = Debug|Any CPU
		{DF0C6305-F7F0-4CD6-9E11-A75BA89E2FB1}.Release|Any CPU.ActiveCfg = Release|Any CPU
		{DF0C6305-F7F0-4CD6-9E11-A75BA89E2FB1}.Release|Any CPU.Build.0 = Release|Any CPU
	EndGlobalSection
	GlobalSection(SolutionProperties) = preSolution
		HideSolutionNode = FALSE
	EndGlobalSection
	GlobalSection(ExtensibilityGlobals) = postSolution
		SolutionGuid = {E867254C-24EA-40DC-AA17-140A8920533C}
	EndGlobalSection
EndGlobal
